
Microsoft Visual Studio Solution File, Format Version 12.00
# Visual Studio 14
VisualStudioVersion = 14.0.24720.0
MinimumVisualStudioVersion = 10.0.40219.1
Project("{FAE04EC0-301F-11D3-BF4B-00C04F79EFBC}") = "Algoritmos.CS.IbanNacional", "Algoritmos.CS.IbanNacional\Algoritmos.CS.IbanNacional.csproj", "{B1DE49DE-1D57-4047-9CD1-F59453E8E66E}"
EndProject
Project("{FAE04EC0-301F-11D3-BF4B-00C04F79EFBC}") = "Algoritmos.CS.IbanNacional.UnitTests", "Algoritmos.CS.IbanNacional.UnitTests\Algoritmos.CS.IbanNacional.UnitTests.csproj", "{8ACFB165-7FFB-45D4-961D-696B4A38729E}"
EndProject
Project("{2150E333-8FDC-42A3-9474-1A3956D46DE8}") = "Solution Items", "Solution Items", "{FD39CA81-33CC-470C-A330-422E3B1C09D8}"
	ProjectSection(SolutionItems) = preProject
		build.bat = build.bat
	EndProjectSection
EndProject
Global
	GlobalSection(SolutionConfigurationPlatforms) = preSolution
		Debug|Any CPU = Debug|Any CPU
		Release|Any CPU = Release|Any CPU
	EndGlobalSection
	GlobalSection(ProjectConfigurationPlatforms) = postSolution
		{B1DE49DE-1D57-4047-9CD1-F59453E8E66E}.Debug|Any CPU.ActiveCfg = Debug|Any CPU
		{B1DE49DE-1D57-4047-9CD1-F59453E8E66E}.Debug|Any CPU.Build.0 = Debug|Any CPU
		{B1DE49DE-1D57-4047-9CD1-F59453E8E66E}.Release|Any CPU.ActiveCfg = Release|Any CPU
		{B1DE49DE-1D57-4047-9CD1-F59453E8E66E}.Release|Any CPU.Build.0 = Release|Any CPU
		{8ACFB165-7FFB-45D4-961D-696B4A38729E}.Debug|Any CPU.ActiveCfg = Debug|Any CPU
		{8ACFB165-7FFB-45D4-961D-696B4A38729E}.Debug|Any CPU.Build.0 = Debug|Any CPU
		{8ACFB165-7FFB-45D4-961D-696B4A38729E}.Release|Any CPU.ActiveCfg = Release|Any CPU
		{8ACFB165-7FFB-45D4-961D-696B4A38729E}.Release|Any CPU.Build.0 = Release|Any CPU
	EndGlobalSection
	GlobalSection(SolutionProperties) = preSolution
		HideSolutionNode = FALSE
	EndGlobalSection
EndGlobal
